// !$*UTF8*$!
{
	archiveVersion = 1;
	classes = {
	};
	objectVersion = 50;
	objects = {

/* Begin PBXBuildFile section */
		7FD805F3235FA73600DAEB9F /* AppDelegate.swift in Sources */ = {isa = PBXBuildFile; fileRef = 7FD805F2235FA73600DAEB9F /* AppDelegate.swift */; };
		7FD805F5235FA73600DAEB9F /* SceneDelegate.swift in Sources */ = {isa = PBXBuildFile; fileRef = 7FD805F4235FA73600DAEB9F /* SceneDelegate.swift */; };
		7FD805F7235FA73600DAEB9F /* ViewController.swift in Sources */ = {isa = PBXBuildFile; fileRef = 7FD805F6235FA73600DAEB9F /* ViewController.swift */; };
		7FD805FA235FA73600DAEB9F /* Main.storyboard in Resources */ = {isa = PBXBuildFile; fileRef = 7FD805F8235FA73600DAEB9F /* Main.storyboard */; };
		7FD805FD235FA73600DAEB9F /* fsocietyxxx.xcdatamodeld in Sources */ = {isa = PBXBuildFile; fileRef = 7FD805FB235FA73600DAEB9F /* fsocietyxxx.xcdatamodeld */; };
		7FD805FF235FA73700DAEB9F /* Assets.xcassets in Resources */ = {isa = PBXBuildFile; fileRef = 7FD805FE235FA73700DAEB9F /* Assets.xcassets */; };
		7FD80602235FA73700DAEB9F /* LaunchScreen.storyboard in Resources */ = {isa = PBXBuildFile; fileRef = 7FD80600235FA73700DAEB9F /* LaunchScreen.storyboard */; };
		7FD8060C235FB00B00DAEB9F /* MainTableViewController.swift in Sources */ = {isa = PBXBuildFile; fileRef = 7FD8060B235FB00B00DAEB9F /* MainTableViewController.swift */; };
		BCB985DA31DF555414B28EDD /* Pods_fsocietyxxx.framework in Frameworks */ = {isa = PBXBuildFile; fileRef = 0E4995C4740417BF321E1A22 /* Pods_fsocietyxxx.framework */; };
/* End PBXBuildFile section */

/* Begin PBXFileReference section */
		0E4995C4740417BF321E1A22 /* Pods_fsocietyxxx.framework */ = {isa = PBXFileReference; explicitFileType = wrapper.framework; includeInIndex = 0; path = Pods_fsocietyxxx.framework; sourceTree = BUILT_PRODUCTS_DIR; };
		2CC84990751B51986A1A76EC /* Pods-fsocietyxxx.debug.xcconfig */ = {isa = PBXFileReference; includeInIndex = 1; lastKnownFileType = text.xcconfig; name = "Pods-fsocietyxxx.debug.xcconfig"; path = "Target Support Files/Pods-fsocietyxxx/Pods-fsocietyxxx.debug.xcconfig"; sourceTree = "<group>"; };
		3E4131FD0A121D0CDFD04650 /* Pods-fsocietyxxx.release.xcconfig */ = {isa = PBXFileReference; includeInIndex = 1; lastKnownFileType = text.xcconfig; name = "Pods-fsocietyxxx.release.xcconfig"; path = "Target Support Files/Pods-fsocietyxxx/Pods-fsocietyxxx.release.xcconfig"; sourceTree = "<group>"; };
		7FD805EF235FA73600DAEB9F /* fsocietyxxx.app */ = {isa = PBXFileReference; explicitFileType = wrapper.application; includeInIndex = 0; path = fsocietyxxx.app; sourceTree = BUILT_PRODUCTS_DIR; };
		7FD805F2235FA73600DAEB9F /* AppDelegate.swift */ = {isa = PBXFileReference; lastKnownFileType = sourcecode.swift; path = AppDelegate.swift; sourceTree = "<group>"; };
		7FD805F4235FA73600DAEB9F /* SceneDelegate.swift */ = {isa = PBXFileReference; lastKnownFileType = sourcecode.swift; path = SceneDelegate.swift; sourceTree = "<group>"; };
		7FD805F6235FA73600DAEB9F /* ViewController.swift */ = {isa = PBXFileReference; lastKnownFileType = sourcecode.swift; path = ViewController.swift; sourceTree = "<group>"; };
		7FD805F9235FA73600DAEB9F /* Base */ = {isa = PBXFileReference; lastKnownFileType = file.storyboard; name = Base; path = Base.lproj/Main.storyboard; sourceTree = "<group>"; };
		7FD805FC235FA73600DAEB9F /* fsocietyxxx.xcdatamodel */ = {isa = PBXFileReference; lastKnownFileType = wrapper.xcdatamodel; path = fsocietyxxx.xcdatamodel; sourceTree = "<group>"; };
		7FD805FE235FA73700DAEB9F /* Assets.xcassets */ = {isa = PBXFileReference; lastKnownFileType = folder.assetcatalog; path = Assets.xcassets; sourceTree = "<group>"; };
		7FD80601235FA73700DAEB9F /* Base */ = {isa = PBXFileReference; lastKnownFileType = file.storyboard; name = Base; path = Base.lproj/LaunchScreen.storyboard; sourceTree = "<group>"; };
		7FD80603235FA73700DAEB9F /* Info.plist */ = {isa = PBXFileReference; lastKnownFileType = text.plist.xml; path = Info.plist; sourceTree = "<group>"; };
		7FD8060B235FB00B00DAEB9F /* MainTableViewController.swift */ = {isa = PBXFileReference; lastKnownFileType = sourcecode.swift; path = MainTableViewController.swift; sourceTree = "<group>"; };
/* End PBXFileReference section */

/* Begin PBXFrameworksBuildPhase section */
		7FD805EC235FA73600DAEB9F /* Frameworks */ = {
			isa = PBXFrameworksBuildPhase;
			buildActionMask = 2147483647;
			files = (
				BCB985DA31DF555414B28EDD /* Pods_fsocietyxxx.framework in Frameworks */,
			);
			runOnlyForDeploymentPostprocessing = 0;
		};
/* End PBXFrameworksBuildPhase section */

/* Begin PBXGroup section */
		311073041D8EAD43E43B5421 /* Pods */ = {
			isa = PBXGroup;
			children = (
				2CC84990751B51986A1A76EC /* Pods-fsocietyxxx.debug.xcconfig */,
				3E4131FD0A121D0CDFD04650 /* Pods-fsocietyxxx.release.xcconfig */,
			);
			name = Pods;
			path = Pods;
			sourceTree = "<group>";
		};
		7FD805E6235FA73600DAEB9F = {
			isa = PBXGroup;
			children = (
				7FD805F1235FA73600DAEB9F /* fsocietyxxx */,
				7FD805F0235FA73600DAEB9F /* Products */,
				311073041D8EAD43E43B5421 /* Pods */,
				8886456FF5A2141DA954BE5A /* Frameworks */,
			);
			sourceTree = "<group>";
		};
		7FD805F0235FA73600DAEB9F /* Products */ = {
			isa = PBXGroup;
			children = (
				7FD805EF235FA73600DAEB9F /* fsocietyxxx.app */,
			);
			name = Products;
			sourceTree = "<group>";
		};
		7FD805F1235FA73600DAEB9F /* fsocietyxxx */ = {
			isa = PBXGroup;
			children = (
				7FD805F2235FA73600DAEB9F /* AppDelegate.swift */,
				7FD805F4235FA73600DAEB9F /* SceneDelegate.swift */,
				7FD805F6235FA73600DAEB9F /* ViewController.swift */,
				7FD8060B235FB00B00DAEB9F /* MainTableViewController.swift */,
				7FD805F8235FA73600DAEB9F /* Main.storyboard */,
				7FD805FE235FA73700DAEB9F /* Assets.xcassets */,
				7FD80600235FA73700DAEB9F /* LaunchScreen.storyboard */,
				7FD80603235FA73700DAEB9F /* Info.plist */,
				7FD805FB235FA73600DAEB9F /* fsocietyxxx.xcdatamodeld */,
			);
			path = fsocietyxxx;
			sourceTree = "<group>";
		};
		8886456FF5A2141DA954BE5A /* Frameworks */ = {
			isa = PBXGroup;
			children = (
				0E4995C4740417BF321E1A22 /* Pods_fsocietyxxx.framework */,
			);
			name = Frameworks;
			sourceTree = "<group>";
		};
/* End PBXGroup section */

/* Begin PBXNativeTarget section */
		7FD805EE235FA73600DAEB9F /* fsocietyxxx */ = {
			isa = PBXNativeTarget;
			buildConfigurationList = 7FD80606235FA73700DAEB9F /* Build configuration list for PBXNativeTarget "fsocietyxxx" */;
			buildPhases = (
				240001463EA634673A8891B9 /* [CP] Check Pods Manifest.lock */,
				7FD805EB235FA73600DAEB9F /* Sources */,
				7FD805EC235FA73600DAEB9F /* Frameworks */,
				7FD805ED235FA73600DAEB9F /* Resources */,
				30BB3829BDE97E66AAD67741 /* [CP] Embed Pods Frameworks */,
			);
			buildRules = (
			);
			dependencies = (
			);
			name = fsocietyxxx;
			productName = fsocietyxxx;
			productReference = 7FD805EF235FA73600DAEB9F /* fsocietyxxx.app */;
			productType = "com.apple.product-type.application";
		};
/* End PBXNativeTarget section */

/* Begin PBXProject section */
		7FD805E7235FA73600DAEB9F /* Project object */ = {
			isa = PBXProject;
			attributes = {
				LastSwiftUpdateCheck = 1110;
				LastUpgradeCheck = 1110;
				ORGANIZATIONNAME = Froomy;
				TargetAttributes = {
					7FD805EE235FA73600DAEB9F = {
						CreatedOnToolsVersion = 11.1;
					};
				};
			};
			buildConfigurationList = 7FD805EA235FA73600DAEB9F /* Build configuration list for PBXProject "fsocietyxxx" */;
			compatibilityVersion = "Xcode 9.3";
			developmentRegion = en;
			hasScannedForEncodings = 0;
			knownRegions = (
				en,
				Base,
			);
			mainGroup = 7FD805E6235FA73600DAEB9F;
			productRefGroup = 7FD805F0235FA73600DAEB9F /* Products */;
			projectDirPath = "";
			projectRoot = "";
			targets = (
				7FD805EE235FA73600DAEB9F /* fsocietyxxx */,
			);
		};
/* End PBXProject section */

/* Begin PBXResourcesBuildPhase section */
		7FD805ED235FA73600DAEB9F /* Resources */ = {
			isa = PBXResourcesBuildPhase;
			buildActionMask = 2147483647;
			files = (
				7FD80602235FA73700DAEB9F /* LaunchScreen.storyboard in Resources */,
				7FD805FF235FA73700DAEB9F /* Assets.xcassets in Resources */,
				7FD805FA235FA73600DAEB9F /* Main.storyboard in Resources */,
			);
			runOnlyForDeploymentPostprocessing = 0;
		};
/* End PBXResourcesBuildPhase section */

/* Begin PBXShellScriptBuildPhase section */
		240001463EA634673A8891B9 /* [CP] Check Pods Manifest.lock */ = {
			isa = PBXShellScriptBuildPhase;
			buildActionMask = 2147483647;
			files = (
			);
			inputFileListPaths = (
			);
			inputPaths = (
				"${PODS_PODFILE_DIR_PATH}/Podfile.lock",
				"${PODS_ROOT}/Manifest.lock",
			);
			name = "[CP] Check Pods Manifest.lock";
			outputFileListPaths = (
			);
			outputPaths = (
				"$(DERIVED_FILE_DIR)/Pods-fsocietyxxx-checkManifestLockResult.txt",
			);
			runOnlyForDeploymentPostprocessing = 0;
			shellPath = /bin/sh;
			shellScript = "diff \"${PODS_PODFILE_DIR_PATH}/Podfile.lock\" \"${PODS_ROOT}/Manifest.lock\" > /dev/null\nif [ $? != 0 ] ; then\n    # print error to STDERR\n    echo \"error: The sandbox is not in sync with the Podfile.lock. Run 'pod install' or update your CocoaPods installation.\" >&2\n    exit 1\nfi\n# This output is used by Xcode 'outputs' to avoid re-running this script phase.\necho \"SUCCESS\" > \"${SCRIPT_OUTPUT_FILE_0}\"\n";
			showEnvVarsInLog = 0;
		};
		30BB3829BDE97E66AAD67741 /* [CP] Embed Pods Frameworks */ = {
			isa = PBXShellScriptBuildPhase;
			buildActionMask = 2147483647;
			files = (
			);
			inputFileListPaths = (
				"${PODS_ROOT}/Target Support Files/Pods-fsocietyxxx/Pods-fsocietyxxx-frameworks-${CONFIGURATION}-input-files.xcfilelist",
			);
			name = "[CP] Embed Pods Frameworks";
			outputFileListPaths = (
				"${PODS_ROOT}/Target Support Files/Pods-fsocietyxxx/Pods-fsocietyxxx-frameworks-${CONFIGURATION}-output-files.xcfilelist",
			);
			runOnlyForDeploymentPostprocessing = 0;
			shellPath = /bin/sh;
			shellScript = "\"${PODS_ROOT}/Target Support Files/Pods-fsocietyxxx/Pods-fsocietyxxx-frameworks.sh\"\n";
			showEnvVarsInLog = 0;
		};
/* End PBXShellScriptBuildPhase section */

/* Begin PBXSourcesBuildPhase section */
		7FD805EB235FA73600DAEB9F /* Sources */ = {
			isa = PBXSourcesBuildPhase;
			buildActionMask = 2147483647;
			files = (
				7FD805F7235FA73600DAEB9F /* ViewController.swift in Sources */,
				7FD805F3235FA73600DAEB9F /* AppDelegate.swift in Sources */,
				7FD805FD235FA73600DAEB9F /* fsocietyxxx.xcdatamodeld in Sources */,
				7FD8060C235FB00B00DAEB9F /* MainTableViewController.swift in Sources */,
				7FD805F5235FA73600DAEB9F /* SceneDelegate.swift in Sources */,
			);
			runOnlyForDeploymentPostprocessing = 0;
		};
/* End PBXSourcesBuildPhase section */

/* Begin PBXVariantGroup section */
		7FD805F8235FA73600DAEB9F /* Main.storyboard */ = {
			isa = PBXVariantGroup;
			children = (
				7FD805F9235FA73600DAEB9F /* Base */,
			);
			name = Main.storyboard;
			sourceTree = "<group>";
		};
		7FD80600235FA73700DAEB9F /* LaunchScreen.storyboard */ = {
			isa = PBXVariantGroup;
			children = (
				7FD80601235FA73700DAEB9F /* Base */,
			);
			name = LaunchScreen.storyboard;
			sourceTree = "<group>";
		};
/* End PBXVariantGroup section */

/* Begin XCBuildConfiguration section */
		7FD80604235FA73700DAEB9F /* Debug */ = {
			isa = XCBuildConfiguration;
			buildSettings = {
				ALWAYS_SEARCH_USER_PATHS = NO;
				CLANG_ANALYZER_NONNULL = YES;
				CLANG_ANALYZER_NUMBER_OBJECT_CONVERSION = YES_AGGRESSIVE;
				CLANG_CXX_LANGUAGE_STANDARD = "gnu++14";
				CLANG_CXX_LIBRARY = "libc++";
				CLANG_ENABLE_MODULES = YES;
				CLANG_ENABLE_OBJC_ARC = YES;
				CLANG_ENABLE_OBJC_WEAK = YES;
				CLANG_WARN_BLOCK_CAPTURE_AUTORELEASING = YES;
				CLANG_WARN_BOOL_CONVERSION = YES;
				CLANG_WARN_COMMA = YES;
				CLANG_WARN_CONSTANT_CONVERSION = YES;
				CLANG_WARN_DEPRECATED_OBJC_IMPLEMENTATIONS = YES;
				CLANG_WARN_DIRECT_OBJC_ISA_USAGE = YES_ERROR;
				CLANG_WARN_DOCUMENTATION_COMMENTS = YES;
				CLANG_WARN_EMPTY_BODY = YES;
				CLANG_WARN_ENUM_CONVERSION = YES;
				CLANG_WARN_INFINITE_RECURSION = YES;
				CLANG_WARN_INT_CONVERSION = YES;
				CLANG_WARN_NON_LITERAL_NULL_CONVERSION = YES;
				CLANG_WARN_OBJC_IMPLICIT_RETAIN_SELF = YES;
				CLANG_WARN_OBJC_LITERAL_CONVERSION = YES;
				CLANG_WARN_OBJC_ROOT_CLASS = YES_ERROR;
				CLANG_WARN_RANGE_LOOP_ANALYSIS = YES;
				CLANG_WARN_STRICT_PROTOTYPES = YES;
				CLANG_WARN_SUSPICIOUS_MOVE = YES;
				CLANG_WARN_UNGUARDED_AVAILABILITY = YES_AGGRESSIVE;
				CLANG_WARN_UNREACHABLE_CODE = YES;
				CLANG_WARN__DUPLICATE_METHOD_MATCH = YES;
				COPY_PHASE_STRIP = NO;
				DEBUG_INFORMATION_FORMAT = dwarf;
				ENABLE_STRICT_OBJC_MSGSEND = YES;
				ENABLE_TESTABILITY = YES;
				GCC_C_LANGUAGE_STANDARD = gnu11;
				GCC_DYNAMIC_NO_PIC = NO;
				GCC_NO_COMMON_BLOCKS = YES;
				GCC_OPTIMIZATION_LEVEL = 0;
				GCC_PREPROCESSOR_DEFINITIONS = (
					"DEBUG=1",
					"$(inherited)",
				);
				GCC_WARN_64_TO_32_BIT_CONVERSION = YES;
				GCC_WARN_ABOUT_RETURN_TYPE = YES_ERROR;
				GCC_WARN_UNDECLARED_SELECTOR = YES;
				GCC_WARN_UNINITIALIZED_AUTOS = YES_AGGRESSIVE;
				GCC_WARN_UNUSED_FUNCTION = YES;
				GCC_WARN_UNUSED_VARIABLE = YES;
				IPHONEOS_DEPLOYMENT_TARGET = 13.1;
				MTL_ENABLE_DEBUG_INFO = INCLUDE_SOURCE;
				MTL_FAST_MATH = YES;
				ONLY_ACTIVE_ARCH = YES;
				SDKROOT = iphoneos;
				SWIFT_ACTIVE_COMPILATION_CONDITIONS = DEBUG;
				SWIFT_OPTIMIZATION_LEVEL = "-Onone";
			};
			name = Debug;
		};
		7FD80605235FA73700DAEB9F /* Release */ = {
			isa = XCBuildConfiguration;
			buildSettings = {
				ALWAYS_SEARCH_USER_PATHS = NO;
				CLANG_ANALYZER_NONNULL = YES;
				CLANG_ANALYZER_NUMBER_OBJECT_CONVERSION = YES_AGGRESSIVE;
				CLANG_CXX_LANGUAGE_STANDARD = "gnu++14";
				CLANG_CXX_LIBRARY = "libc++";
				CLANG_ENABLE_MODULES = YES;
				CLANG_ENABLE_OBJC_ARC = YES;
				CLANG_ENABLE_OBJC_WEAK = YES;
				CLANG_WARN_BLOCK_CAPTURE_AUTORELEASING = YES;
				CLANG_WARN_BOOL_CONVERSION = YES;
				CLANG_WARN_COMMA = YES;
				CLANG_WARN_CONSTANT_CONVERSION = YES;
				CLANG_WARN_DEPRECATED_OBJC_IMPLEMENTATIONS = YES;
				CLANG_WARN_DIRECT_OBJC_ISA_USAGE = YES_ERROR;
				CLANG_WARN_DOCUMENTATION_COMMENTS = YES;
				CLANG_WARN_EMPTY_BODY = YES;
				CLANG_WARN_ENUM_CONVERSION = YES;
				CLANG_WARN_INFINITE_RECURSION = YES;
				CLANG_WARN_INT_CONVERSION = YES;
				CLANG_WARN_NON_LITERAL_NULL_CONVERSION = YES;
				CLANG_WARN_OBJC_IMPLICIT_RETAIN_SELF = YES;
				CLANG_WARN_OBJC_LITERAL_CONVERSION = YES;
				CLANG_WARN_OBJC_ROOT_CLASS = YES_ERROR;
				CLANG_WARN_RANGE_LOOP_ANALYSIS = YES;
				CLANG_WARN_STRICT_PROTOTYPES = YES;
				CLANG_WARN_SUSPICIOUS_MOVE = YES;
				CLANG_WARN_UNGUARDED_AVAILABILITY = YES_AGGRESSIVE;
				CLANG_WARN_UNREACHABLE_CODE = YES;
				CLANG_WARN__DUPLICATE_METHOD_MATCH = YES;
				COPY_PHASE_STRIP = NO;
				DEBUG_INFORMATION_FORMAT = "dwarf-with-dsym";
				ENABLE_NS_ASSERTIONS = NO;
				ENABLE_STRICT_OBJC_MSGSEND = YES;
				GCC_C_LANGUAGE_STANDARD = gnu11;
				GCC_NO_COMMON_BLOCKS = YES;
				GCC_WARN_64_TO_32_BIT_CONVERSION = YES;
				GCC_WARN_ABOUT_RETURN_TYPE = YES_ERROR;
				GCC_WARN_UNDECLARED_SELECTOR = YES;
				GCC_WARN_UNINITIALIZED_AUTOS = YES_AGGRESSIVE;
				GCC_WARN_UNUSED_FUNCTION = YES;
				GCC_WARN_UNUSED_VARIABLE = YES;
				IPHONEOS_DEPLOYMENT_TARGET = 13.1;
				MTL_ENABLE_DEBUG_INFO = NO;
				MTL_FAST_MATH = YES;
				SDKROOT = iphoneos;
				SWIFT_COMPILATION_MODE = wholemodule;
				SWIFT_OPTIMIZATION_LEVEL = "-O";
				VALIDATE_PRODUCT = YES;
			};
			name = Release;
		};
		7FD80607235FA73700DAEB9F /* Debug */ = {
			isa = XCBuildConfiguration;
			baseConfigurationReference = 2CC84990751B51986A1A76EC /* Pods-fsocietyxxx.debug.xcconfig */;
			buildSettings = {
				ASSETCATALOG_COMPILER_APPICON_NAME = AppIcon;
				CODE_SIGN_STYLE = Automatic;
				DEVELOPMENT_TEAM = S86X46J5MH;
				INFOPLIST_FILE = fsocietyxxx/Info.plist;
				LD_RUNPATH_SEARCH_PATHS = (
					"$(inherited)",
					"@executable_path/Frameworks",
				);
				PRODUCT_BUNDLE_IDENTIFIER = com.froomy.fsocietyxxx;
				PRODUCT_NAME = "$(TARGET_NAME)";
				SWIFT_VERSION = 5.0;
				TARGETED_DEVICE_FAMILY = "1,2";
			};
			name = Debug;
		};
		7FD80608235FA73700DAEB9F /* Release */ = {
			isa = XCBuildConfiguration;
			baseConfigurationReference = 3E4131FD0A121D0CDFD04650 /* Pods-fsocietyxxx.release.xcconfig */;
			buildSettings = {
				ASSETCATALOG_COMPILER_APPICON_NAME = AppIcon;
				CODE_SIGN_STYLE = Automatic;
				DEVELOPMENT_TEAM = S86X46J5MH;
				INFOPLIST_FILE = fsocietyxxx/Info.plist;
				LD_RUNPATH_SEARCH_PATHS = (
					"$(inherited)",
					"@executable_path/Frameworks",
				);
				PRODUCT_BUNDLE_IDENTIFIER = com.froomy.fsocietyxxx;
				PRODUCT_NAME = "$(TARGET_NAME)";
				SWIFT_VERSION = 5.0;
				TARGETED_DEVICE_FAMILY = "1,2";
			};
			name = Release;
		};
/* End XCBuildConfiguration section */

/* Begin XCConfigurationList section */
		7FD805EA235FA73600DAEB9F /* Build configuration list for PBXProject "fsocietyxxx" */ = {
			isa = XCConfigurationList;
			buildConfigurations = (
				7FD80604235FA73700DAEB9F /* Debug */,
				7FD80605235FA73700DAEB9F /* Release */,
			);
			defaultConfigurationIsVisible = 0;
			defaultConfigurationName = Release;
		};
		7FD80606235FA73700DAEB9F /* Build configuration list for PBXNativeTarget "fsocietyxxx" */ = {
			isa = XCConfigurationList;
			buildConfigurations = (
				7FD80607235FA73700DAEB9F /* Debug */,
				7FD80608235FA73700DAEB9F /* Release */,
			);
			defaultConfigurationIsVisible = 0;
			defaultConfigurationName = Release;
		};
/* End XCConfigurationList section */

/* Begin XCVersionGroup section */
		7FD805FB235FA73600DAEB9F /* fsocietyxxx.xcdatamodeld */ = {
			isa = XCVersionGroup;
			children = (
				7FD805FC235FA73600DAEB9F /* fsocietyxxx.xcdatamodel */,
			);
			currentVersion = 7FD805FC235FA73600DAEB9F /* fsocietyxxx.xcdatamodel */;
			path = fsocietyxxx.xcdatamodeld;
			sourceTree = "<group>";
			versionGroupType = wrapper.xcdatamodel;
		};
/* End XCVersionGroup section */
	};
	rootObject = 7FD805E7235FA73600DAEB9F /* Project object */;
}
